// !$*UTF8*$!
{
	archiveVersion = 1;
	classes = {
	};
	objectVersion = 53;
	objects = {

/* Begin PBXBuildFile section */
		33324ABA24CEE52700F80719 /* NSEvent.swift in Sources */ = {isa = PBXBuildFile; fileRef = 33324AB924CEE52700F80719 /* NSEvent.swift */; };
		33324AC324CF151600F80719 /* Tooltip.swift in Sources */ = {isa = PBXBuildFile; fileRef = 33324AC224CF151600F80719 /* Tooltip.swift */; };
		33324AC524CF155000F80719 /* BlurView.swift in Sources */ = {isa = PBXBuildFile; fileRef = 33324AC424CF155000F80719 /* BlurView.swift */; };
		33324AC724CF219C00F80719 /* WebView.swift in Sources */ = {isa = PBXBuildFile; fileRef = 33324AC624CF219C00F80719 /* WebView.swift */; };
		337CD86C24CDFE89005891E7 /* PortsListView.swift in Sources */ = {isa = PBXBuildFile; fileRef = 337CD86B24CDFE89005891E7 /* PortsListView.swift */; };
		337CD86F24CE274F005891E7 /* Array.swift in Sources */ = {isa = PBXBuildFile; fileRef = 337CD86E24CE274F005891E7 /* Array.swift */; };
		33E37D9424CDD6AE00698877 /* ShellOut in Frameworks */ = {isa = PBXBuildFile; productRef = 33E37D9324CDD6AE00698877 /* ShellOut */; };
		33E37D9624CDD76C00698877 /* ObservablePorts.swift in Sources */ = {isa = PBXBuildFile; fileRef = 33E37D9524CDD76C00698877 /* ObservablePorts.swift */; };
		33E3C1AA24CDC912005B096B /* AppDelegate.swift in Sources */ = {isa = PBXBuildFile; fileRef = 33E3C1A924CDC912005B096B /* AppDelegate.swift */; };
		33E3C1AC24CDC912005B096B /* ContentView.swift in Sources */ = {isa = PBXBuildFile; fileRef = 33E3C1AB24CDC912005B096B /* ContentView.swift */; };
		33E3C1AE24CDC914005B096B /* Assets.xcassets in Resources */ = {isa = PBXBuildFile; fileRef = 33E3C1AD24CDC914005B096B /* Assets.xcassets */; };
		33E3C1B124CDC914005B096B /* Preview Assets.xcassets in Resources */ = {isa = PBXBuildFile; fileRef = 33E3C1B024CDC914005B096B /* Preview Assets.xcassets */; };
		33E3C1B424CDC914005B096B /* Main.storyboard in Resources */ = {isa = PBXBuildFile; fileRef = 33E3C1B224CDC914005B096B /* Main.storyboard */; };
		33E3C1C124CDCE18005B096B /* MainViewController.swift in Sources */ = {isa = PBXBuildFile; fileRef = 33E3C1C024CDCE18005B096B /* MainViewController.swift */; };
		33E3C1C424CDCE5C005B096B /* StatusBarController.swift in Sources */ = {isa = PBXBuildFile; fileRef = 33E3C1C324CDCE5C005B096B /* StatusBarController.swift */; };
		33E3C1C624CDCE76005B096B /* EventMonitor.swift in Sources */ = {isa = PBXBuildFile; fileRef = 33E3C1C524CDCE76005B096B /* EventMonitor.swift */; };
/* End PBXBuildFile section */

/* Begin PBXFileReference section */
		33324AB924CEE52700F80719 /* NSEvent.swift */ = {isa = PBXFileReference; lastKnownFileType = sourcecode.swift; path = NSEvent.swift; sourceTree = "<group>"; };
		33324AC224CF151600F80719 /* Tooltip.swift */ = {isa = PBXFileReference; lastKnownFileType = sourcecode.swift; path = Tooltip.swift; sourceTree = "<group>"; };
		33324AC424CF155000F80719 /* BlurView.swift */ = {isa = PBXFileReference; lastKnownFileType = sourcecode.swift; path = BlurView.swift; sourceTree = "<group>"; };
		33324AC624CF219C00F80719 /* WebView.swift */ = {isa = PBXFileReference; lastKnownFileType = sourcecode.swift; path = WebView.swift; sourceTree = "<group>"; };
		337CD86B24CDFE89005891E7 /* PortsListView.swift */ = {isa = PBXFileReference; lastKnownFileType = sourcecode.swift; path = PortsListView.swift; sourceTree = "<group>"; };
		337CD86E24CE274F005891E7 /* Array.swift */ = {isa = PBXFileReference; fileEncoding = 4; lastKnownFileType = sourcecode.swift; path = Array.swift; sourceTree = "<group>"; };
		33E37D9524CDD76C00698877 /* ObservablePorts.swift */ = {isa = PBXFileReference; lastKnownFileType = sourcecode.swift; path = ObservablePorts.swift; sourceTree = "<group>"; };
		33E3C1A624CDC912005B096B /* PortButler.app */ = {isa = PBXFileReference; explicitFileType = wrapper.application; includeInIndex = 0; path = PortButler.app; sourceTree = BUILT_PRODUCTS_DIR; };
		33E3C1A924CDC912005B096B /* AppDelegate.swift */ = {isa = PBXFileReference; lastKnownFileType = sourcecode.swift; path = AppDelegate.swift; sourceTree = "<group>"; };
		33E3C1AB24CDC912005B096B /* ContentView.swift */ = {isa = PBXFileReference; lastKnownFileType = sourcecode.swift; path = ContentView.swift; sourceTree = "<group>"; };
		33E3C1AD24CDC914005B096B /* Assets.xcassets */ = {isa = PBXFileReference; lastKnownFileType = folder.assetcatalog; path = Assets.xcassets; sourceTree = "<group>"; };
		33E3C1B024CDC914005B096B /* Preview Assets.xcassets */ = {isa = PBXFileReference; lastKnownFileType = folder.assetcatalog; path = "Preview Assets.xcassets"; sourceTree = "<group>"; };
		33E3C1B324CDC914005B096B /* Base */ = {isa = PBXFileReference; lastKnownFileType = file.storyboard; name = Base; path = Base.lproj/Main.storyboard; sourceTree = "<group>"; };
		33E3C1B524CDC914005B096B /* Info.plist */ = {isa = PBXFileReference; lastKnownFileType = text.plist.xml; path = Info.plist; sourceTree = "<group>"; };
		33E3C1B624CDC914005B096B /* PortButler.entitlements */ = {isa = PBXFileReference; lastKnownFileType = text.plist.entitlements; path = PortButler.entitlements; sourceTree = "<group>"; };
		33E3C1C024CDCE18005B096B /* MainViewController.swift */ = {isa = PBXFileReference; lastKnownFileType = sourcecode.swift; path = MainViewController.swift; sourceTree = "<group>"; };
		33E3C1C324CDCE5C005B096B /* StatusBarController.swift */ = {isa = PBXFileReference; lastKnownFileType = sourcecode.swift; path = StatusBarController.swift; sourceTree = "<group>"; };
		33E3C1C524CDCE76005B096B /* EventMonitor.swift */ = {isa = PBXFileReference; lastKnownFileType = sourcecode.swift; path = EventMonitor.swift; sourceTree = "<group>"; };
/* End PBXFileReference section */

/* Begin PBXFrameworksBuildPhase section */
		33E3C1A324CDC912005B096B /* Frameworks */ = {
			isa = PBXFrameworksBuildPhase;
			buildActionMask = 2147483647;
			files = (
				33E37D9424CDD6AE00698877 /* ShellOut in Frameworks */,
			);
			runOnlyForDeploymentPostprocessing = 0;
		};
/* End PBXFrameworksBuildPhase section */

/* Begin PBXGroup section */
		337CD86A24CDFE7A005891E7 /* Views */ = {
			isa = PBXGroup;
			children = (
				337CD86B24CDFE89005891E7 /* PortsListView.swift */,
				33324AC624CF219C00F80719 /* WebView.swift */,
			);
			path = Views;
			sourceTree = "<group>";
		};
		337CD86D24CE269C005891E7 /* Extensions */ = {
			isa = PBXGroup;
			children = (
				337CD86E24CE274F005891E7 /* Array.swift */,
				33324AB924CEE52700F80719 /* NSEvent.swift */,
				33324AC224CF151600F80719 /* Tooltip.swift */,
				33324AC424CF155000F80719 /* BlurView.swift */,
			);
			path = Extensions;
			sourceTree = "<group>";
		};
		33E3C19D24CDC912005B096B = {
			isa = PBXGroup;
			children = (
				33E3C1A824CDC912005B096B /* PortButler */,
				33E3C1A724CDC912005B096B /* Products */,
			);
			sourceTree = "<group>";
		};
		33E3C1A724CDC912005B096B /* Products */ = {
			isa = PBXGroup;
			children = (
				33E3C1A624CDC912005B096B /* PortButler.app */,
			);
			name = Products;
			sourceTree = "<group>";
		};
		33E3C1A824CDC912005B096B /* PortButler */ = {
			isa = PBXGroup;
			children = (
				337CD86A24CDFE7A005891E7 /* Views */,
				33E3C1C224CDCE4E005B096B /* Helpers */,
				33E3C1A924CDC912005B096B /* AppDelegate.swift */,
				337CD86D24CE269C005891E7 /* Extensions */,
				33E3C1AB24CDC912005B096B /* ContentView.swift */,
				33E3C1AD24CDC914005B096B /* Assets.xcassets */,
				33E3C1B224CDC914005B096B /* Main.storyboard */,
				33E3C1B524CDC914005B096B /* Info.plist */,
				33E3C1B624CDC914005B096B /* PortButler.entitlements */,
				33E3C1AF24CDC914005B096B /* Preview Content */,
				33E3C1C024CDCE18005B096B /* MainViewController.swift */,
				33E37D9524CDD76C00698877 /* ObservablePorts.swift */,
			);
			path = PortButler;
			sourceTree = "<group>";
		};
		33E3C1AF24CDC914005B096B /* Preview Content */ = {
			isa = PBXGroup;
			children = (
				33E3C1B024CDC914005B096B /* Preview Assets.xcassets */,
			);
			path = "Preview Content";
			sourceTree = "<group>";
		};
		33E3C1C224CDCE4E005B096B /* Helpers */ = {
			isa = PBXGroup;
			children = (
				33E3C1C324CDCE5C005B096B /* StatusBarController.swift */,
				33E3C1C524CDCE76005B096B /* EventMonitor.swift */,
			);
			path = Helpers;
			sourceTree = "<group>";
		};
/* End PBXGroup section */

/* Begin PBXNativeTarget section */
		33E3C1A524CDC912005B096B /* PortButler */ = {
			isa = PBXNativeTarget;
			buildConfigurationList = 33E3C1B924CDC914005B096B /* Build configuration list for PBXNativeTarget "PortButler" */;
			buildPhases = (
				33E3C1A224CDC912005B096B /* Sources */,
				33E3C1A324CDC912005B096B /* Frameworks */,
				33E3C1A424CDC912005B096B /* Resources */,
			);
			buildRules = (
			);
			dependencies = (
			);
			name = PortButler;
			packageProductDependencies = (
				33E37D9324CDD6AE00698877 /* ShellOut */,
			);
			productName = HostButler;
			productReference = 33E3C1A624CDC912005B096B /* PortButler.app */;
			productType = "com.apple.product-type.application";
		};
/* End PBXNativeTarget section */

/* Begin PBXProject section */
		33E3C19E24CDC912005B096B /* Project object */ = {
			isa = PBXProject;
			attributes = {
				LastSwiftUpdateCheck = 1160;
				LastUpgradeCheck = 1160;
				ORGANIZATIONNAME = "Albin Ekblom";
				TargetAttributes = {
					33E3C1A524CDC912005B096B = {
						CreatedOnToolsVersion = 11.6;
					};
				};
			};
			buildConfigurationList = 33E3C1A124CDC912005B096B /* Build configuration list for PBXProject "PortButler" */;
			compatibilityVersion = "Xcode 11.4";
			developmentRegion = en;
			hasScannedForEncodings = 0;
			knownRegions = (
				en,
				Base,
			);
			mainGroup = 33E3C19D24CDC912005B096B;
			packageReferences = (
				33E37D9224CDD6AE00698877 /* XCRemoteSwiftPackageReference "ShellOut" */,
			);
			productRefGroup = 33E3C1A724CDC912005B096B /* Products */;
			projectDirPath = "";
			projectRoot = "";
			targets = (
				33E3C1A524CDC912005B096B /* PortButler */,
			);
		};
/* End PBXProject section */

/* Begin PBXResourcesBuildPhase section */
		33E3C1A424CDC912005B096B /* Resources */ = {
			isa = PBXResourcesBuildPhase;
			buildActionMask = 2147483647;
			files = (
				33E3C1B424CDC914005B096B /* Main.storyboard in Resources */,
				33E3C1B124CDC914005B096B /* Preview Assets.xcassets in Resources */,
				33E3C1AE24CDC914005B096B /* Assets.xcassets in Resources */,
			);
			runOnlyForDeploymentPostprocessing = 0;
		};
/* End PBXResourcesBuildPhase section */

/* Begin PBXSourcesBuildPhase section */
		33E3C1A224CDC912005B096B /* Sources */ = {
			isa = PBXSourcesBuildPhase;
			buildActionMask = 2147483647;
			files = (
				337CD86F24CE274F005891E7 /* Array.swift in Sources */,
				33324ABA24CEE52700F80719 /* NSEvent.swift in Sources */,
				337CD86C24CDFE89005891E7 /* PortsListView.swift in Sources */,
				33324AC324CF151600F80719 /* Tooltip.swift in Sources */,
				33324AC524CF155000F80719 /* BlurView.swift in Sources */,
				33E3C1AC24CDC912005B096B /* ContentView.swift in Sources */,
				33E37D9624CDD76C00698877 /* ObservablePorts.swift in Sources */,
				33E3C1AA24CDC912005B096B /* AppDelegate.swift in Sources */,
				33E3C1C624CDCE76005B096B /* EventMonitor.swift in Sources */,
				33324AC724CF219C00F80719 /* WebView.swift in Sources */,
				33E3C1C424CDCE5C005B096B /* StatusBarController.swift in Sources */,
				33E3C1C124CDCE18005B096B /* MainViewController.swift in Sources */,
			);
			runOnlyForDeploymentPostprocessing = 0;
		};
/* End PBXSourcesBuildPhase section */

/* Begin PBXVariantGroup section */
		33E3C1B224CDC914005B096B /* Main.storyboard */ = {
			isa = PBXVariantGroup;
			children = (
				33E3C1B324CDC914005B096B /* Base */,
			);
			name = Main.storyboard;
			sourceTree = "<group>";
		};
/* End PBXVariantGroup section */

/* Begin XCBuildConfiguration section */
		33E3C1B724CDC914005B096B /* Debug */ = {
			isa = XCBuildConfiguration;
			buildSettings = {
				ALWAYS_SEARCH_USER_PATHS = NO;
				CLANG_ANALYZER_NONNULL = YES;
				CLANG_ANALYZER_NUMBER_OBJECT_CONVERSION = YES_AGGRESSIVE;
				CLANG_CXX_LANGUAGE_STANDARD = "gnu++14";
				CLANG_CXX_LIBRARY = "libc++";
				CLANG_ENABLE_MODULES = YES;
				CLANG_ENABLE_OBJC_ARC = YES;
				CLANG_ENABLE_OBJC_WEAK = YES;
				CLANG_WARN_BLOCK_CAPTURE_AUTORELEASING = YES;
				CLANG_WARN_BOOL_CONVERSION = YES;
				CLANG_WARN_COMMA = YES;
				CLANG_WARN_CONSTANT_CONVERSION = YES;
				CLANG_WARN_DEPRECATED_OBJC_IMPLEMENTATIONS = YES;
				CLANG_WARN_DIRECT_OBJC_ISA_USAGE = YES_ERROR;
				CLANG_WARN_DOCUMENTATION_COMMENTS = YES;
				CLANG_WARN_EMPTY_BODY = YES;
				CLANG_WARN_ENUM_CONVERSION = YES;
				CLANG_WARN_INFINITE_RECURSION = YES;
				CLANG_WARN_INT_CONVERSION = YES;
				CLANG_WARN_NON_LITERAL_NULL_CONVERSION = YES;
				CLANG_WARN_OBJC_IMPLICIT_RETAIN_SELF = YES;
				CLANG_WARN_OBJC_LITERAL_CONVERSION = YES;
				CLANG_WARN_OBJC_ROOT_CLASS = YES_ERROR;
				CLANG_WARN_RANGE_LOOP_ANALYSIS = YES;
				CLANG_WARN_STRICT_PROTOTYPES = YES;
				CLANG_WARN_SUSPICIOUS_MOVE = YES;
				CLANG_WARN_UNGUARDED_AVAILABILITY = YES_AGGRESSIVE;
				CLANG_WARN_UNREACHABLE_CODE = YES;
				CLANG_WARN__DUPLICATE_METHOD_MATCH = YES;
				COPY_PHASE_STRIP = NO;
				DEBUG_INFORMATION_FORMAT = dwarf;
				ENABLE_STRICT_OBJC_MSGSEND = YES;
				ENABLE_TESTABILITY = YES;
				GCC_C_LANGUAGE_STANDARD = gnu11;
				GCC_DYNAMIC_NO_PIC = NO;
				GCC_NO_COMMON_BLOCKS = YES;
				GCC_OPTIMIZATION_LEVEL = 0;
				GCC_PREPROCESSOR_DEFINITIONS = (
					"DEBUG=1",
					"$(inherited)",
				);
				GCC_WARN_64_TO_32_BIT_CONVERSION = YES;
				GCC_WARN_ABOUT_RETURN_TYPE = YES_ERROR;
				GCC_WARN_UNDECLARED_SELECTOR = YES;
				GCC_WARN_UNINITIALIZED_AUTOS = YES_AGGRESSIVE;
				GCC_WARN_UNUSED_FUNCTION = YES;
				GCC_WARN_UNUSED_VARIABLE = YES;
				MACOSX_DEPLOYMENT_TARGET = 10.15;
				MTL_ENABLE_DEBUG_INFO = INCLUDE_SOURCE;
				MTL_FAST_MATH = YES;
				ONLY_ACTIVE_ARCH = YES;
				SDKROOT = macosx;
				SWIFT_ACTIVE_COMPILATION_CONDITIONS = DEBUG;
				SWIFT_OPTIMIZATION_LEVEL = "-Onone";
			};
			name = Debug;
		};
		33E3C1B824CDC914005B096B /* Release */ = {
			isa = XCBuildConfiguration;
			buildSettings = {
				ALWAYS_SEARCH_USER_PATHS = NO;
				CLANG_ANALYZER_NONNULL = YES;
				CLANG_ANALYZER_NUMBER_OBJECT_CONVERSION = YES_AGGRESSIVE;
				CLANG_CXX_LANGUAGE_STANDARD = "gnu++14";
				CLANG_CXX_LIBRARY = "libc++";
				CLANG_ENABLE_MODULES = YES;
				CLANG_ENABLE_OBJC_ARC = YES;
				CLANG_ENABLE_OBJC_WEAK = YES;
				CLANG_WARN_BLOCK_CAPTURE_AUTORELEASING = YES;
				CLANG_WARN_BOOL_CONVERSION = YES;
				CLANG_WARN_COMMA = YES;
				CLANG_WARN_CONSTANT_CONVERSION = YES;
				CLANG_WARN_DEPRECATED_OBJC_IMPLEMENTATIONS = YES;
				CLANG_WARN_DIRECT_OBJC_ISA_USAGE = YES_ERROR;
				CLANG_WARN_DOCUMENTATION_COMMENTS = YES;
				CLANG_WARN_EMPTY_BODY = YES;
				CLANG_WARN_ENUM_CONVERSION = YES;
				CLANG_WARN_INFINITE_RECURSION = YES;
				CLANG_WARN_INT_CONVERSION = YES;
				CLANG_WARN_NON_LITERAL_NULL_CONVERSION = YES;
				CLANG_WARN_OBJC_IMPLICIT_RETAIN_SELF = YES;
				CLANG_WARN_OBJC_LITERAL_CONVERSION = YES;
				CLANG_WARN_OBJC_ROOT_CLASS = YES_ERROR;
				CLANG_WARN_RANGE_LOOP_ANALYSIS = YES;
				CLANG_WARN_STRICT_PROTOTYPES = YES;
				CLANG_WARN_SUSPICIOUS_MOVE = YES;
				CLANG_WARN_UNGUARDED_AVAILABILITY = YES_AGGRESSIVE;
				CLANG_WARN_UNREACHABLE_CODE = YES;
				CLANG_WARN__DUPLICATE_METHOD_MATCH = YES;
				COPY_PHASE_STRIP = NO;
				DEBUG_INFORMATION_FORMAT = "dwarf-with-dsym";
				ENABLE_NS_ASSERTIONS = NO;
				ENABLE_STRICT_OBJC_MSGSEND = YES;
				GCC_C_LANGUAGE_STANDARD = gnu11;
				GCC_NO_COMMON_BLOCKS = YES;
				GCC_WARN_64_TO_32_BIT_CONVERSION = YES;
				GCC_WARN_ABOUT_RETURN_TYPE = YES_ERROR;
				GCC_WARN_UNDECLARED_SELECTOR = YES;
				GCC_WARN_UNINITIALIZED_AUTOS = YES_AGGRESSIVE;
				GCC_WARN_UNUSED_FUNCTION = YES;
				GCC_WARN_UNUSED_VARIABLE = YES;
				MACOSX_DEPLOYMENT_TARGET = 10.15;
				MTL_ENABLE_DEBUG_INFO = NO;
				MTL_FAST_MATH = YES;
				SDKROOT = macosx;
				SWIFT_COMPILATION_MODE = wholemodule;
				SWIFT_OPTIMIZATION_LEVEL = "-O";
			};
			name = Release;
		};
		33E3C1BA24CDC914005B096B /* Debug */ = {
			isa = XCBuildConfiguration;
			buildSettings = {
				ASSETCATALOG_COMPILER_APPICON_NAME = AppIcon;
				CODE_SIGN_ENTITLEMENTS = PortButler/PortButler.entitlements;
				CODE_SIGN_STYLE = Automatic;
				COMBINE_HIDPI_IMAGES = YES;
				DEVELOPMENT_ASSET_PATHS = "\"PortButler/Preview Content\"";
				DEVELOPMENT_TEAM = FQMAL85M89;
				ENABLE_HARDENED_RUNTIME = YES;
				ENABLE_PREVIEWS = YES;
				INFOPLIST_FILE = PortButler/Info.plist;
				LD_RUNPATH_SEARCH_PATHS = (
					"$(inherited)",
					"@executable_path/../Frameworks",
				);
				MACOSX_DEPLOYMENT_TARGET = 10.15;
				PRODUCT_BUNDLE_IDENTIFIER = albinekb.dev.PortButler;
				PRODUCT_NAME = "$(TARGET_NAME)";
				SWIFT_INCLUDE_PATHS = "";
				SWIFT_VERSION = 5.0;
			};
			name = Debug;
		};
		33E3C1BB24CDC914005B096B /* Release */ = {
			isa = XCBuildConfiguration;
			buildSettings = {
				ASSETCATALOG_COMPILER_APPICON_NAME = AppIcon;
				CODE_SIGN_ENTITLEMENTS = PortButler/PortButler.entitlements;
				CODE_SIGN_STYLE = Automatic;
				COMBINE_HIDPI_IMAGES = YES;
				DEVELOPMENT_ASSET_PATHS = "\"PortButler/Preview Content\"";
				DEVELOPMENT_TEAM = FQMAL85M89;
				ENABLE_HARDENED_RUNTIME = YES;
				ENABLE_PREVIEWS = YES;
				INFOPLIST_FILE = PortButler/Info.plist;
				LD_RUNPATH_SEARCH_PATHS = (
					"$(inherited)",
					"@executable_path/../Frameworks",
				);
				MACOSX_DEPLOYMENT_TARGET = 10.15;
				PRODUCT_BUNDLE_IDENTIFIER = albinekb.dev.PortButler;
				PRODUCT_NAME = "$(TARGET_NAME)";
				SWIFT_INCLUDE_PATHS = "";
				SWIFT_VERSION = 5.0;
			};
			name = Release;
		};
/* End XCBuildConfiguration section */

/* Begin XCConfigurationList section */
		33E3C1A124CDC912005B096B /* Build configuration list for PBXProject "PortButler" */ = {
			isa = XCConfigurationList;
			buildConfigurations = (
				33E3C1B724CDC914005B096B /* Debug */,
				33E3C1B824CDC914005B096B /* Release */,
			);
			defaultConfigurationIsVisible = 0;
			defaultConfigurationName = Release;
		};
		33E3C1B924CDC914005B096B /* Build configuration list for PBXNativeTarget "PortButler" */ = {
			isa = XCConfigurationList;
			buildConfigurations = (
				33E3C1BA24CDC914005B096B /* Debug */,
				33E3C1BB24CDC914005B096B /* Release */,
			);
			defaultConfigurationIsVisible = 0;
			defaultConfigurationName = Release;
		};
/* End XCConfigurationList section */

/* Begin XCRemoteSwiftPackageReference section */
		33E37D9224CDD6AE00698877 /* XCRemoteSwiftPackageReference "ShellOut" */ = {
			isa = XCRemoteSwiftPackageReference;
			repositoryURL = "https://github.com/JohnSundell/ShellOut.git";
			requirement = {
				kind = upToNextMajorVersion;
				minimumVersion = 2.3.0;
			};
		};
/* End XCRemoteSwiftPackageReference section */

/* Begin XCSwiftPackageProductDependency section */
		33E37D9324CDD6AE00698877 /* ShellOut */ = {
			isa = XCSwiftPackageProductDependency;
			package = 33E37D9224CDD6AE00698877 /* XCRemoteSwiftPackageReference "ShellOut" */;
			productName = ShellOut;
		};
/* End XCSwiftPackageProductDependency section */
	};
	rootObject = 33E3C19E24CDC912005B096B /* Project object */;
}
